// !$*UTF8*$!
{
	archiveVersion = 1;
	classes = {
	};
	objectVersion = 46;
	objects = {

/* Begin PBXBuildFile section */
		662823CC1C7D3CB200929334 /* CLTests.swift in Sources */ = {isa = PBXBuildFile; fileRef = 662823CB1C7D3CB200929334 /* CLTests.swift */; };
		662823D11C7D3D0400929334 /* main.swift in Sources */ = {isa = PBXBuildFile; fileRef = 66F165481C7BAEC00046F83B /* main.swift */; };
		66F165491C7BAEC00046F83B /* main.swift in Sources */ = {isa = PBXBuildFile; fileRef = 66F165481C7BAEC00046F83B /* main.swift */; };
/* End PBXBuildFile section */

/* Begin PBXCopyFilesBuildPhase section */
		66F165431C7BAEC00046F83B /* CopyFiles */ = {
			isa = PBXCopyFilesBuildPhase;
			buildActionMask = 2147483647;
			dstPath = /usr/share/man/man1/;
			dstSubfolderSpec = 0;
			files = (
			);
			runOnlyForDeploymentPostprocessing = 1;
		};
/* End PBXCopyFilesBuildPhase section */

/* Begin PBXFileReference section */
		662823C91C7D3CB200929334 /* CLTests.xctest */ = {isa = PBXFileReference; explicitFileType = wrapper.cfbundle; includeInIndex = 0; path = CLTests.xctest; sourceTree = BUILT_PRODUCTS_DIR; };
		662823CB1C7D3CB200929334 /* CLTests.swift */ = {isa = PBXFileReference; lastKnownFileType = sourcecode.swift; path = CLTests.swift; sourceTree = "<group>"; };
		662823CD1C7D3CB200929334 /* Info.plist */ = {isa = PBXFileReference; lastKnownFileType = text.plist.xml; path = Info.plist; sourceTree = "<group>"; };
		66F165451C7BAEC00046F83B /* CLCalc */ = {isa = PBXFileReference; explicitFileType = "compiled.mach-o.executable"; includeInIndex = 0; path = CLCalc; sourceTree = BUILT_PRODUCTS_DIR; };
		66F165481C7BAEC00046F83B /* main.swift */ = {isa = PBXFileReference; lastKnownFileType = sourcecode.swift; path = main.swift; sourceTree = "<group>"; };
/* End PBXFileReference section */

/* Begin PBXFrameworksBuildPhase section */
		662823C61C7D3CB200929334 /* Frameworks */ = {
			isa = PBXFrameworksBuildPhase;
			buildActionMask = 2147483647;
			files = (
			);
			runOnlyForDeploymentPostprocessing = 0;
		};
		66F165421C7BAEC00046F83B /* Frameworks */ = {
			isa = PBXFrameworksBuildPhase;
			buildActionMask = 2147483647;
			files = (
			);
			runOnlyForDeploymentPostprocessing = 0;
		};
/* End PBXFrameworksBuildPhase section */

/* Begin PBXGroup section */
		662823CA1C7D3CB200929334 /* CLTests */ = {
			isa = PBXGroup;
			children = (
				662823CB1C7D3CB200929334 /* CLTests.swift */,
				662823CD1C7D3CB200929334 /* Info.plist */,
			);
			path = CLTests;
			sourceTree = "<group>";
		};
		66F1653C1C7BAEC00046F83B = {
			isa = PBXGroup;
			children = (
				66F165471C7BAEC00046F83B /* CLCalc */,
				662823CA1C7D3CB200929334 /* CLTests */,
				66F165461C7BAEC00046F83B /* Products */,
			);
			sourceTree = "<group>";
		};
		66F165461C7BAEC00046F83B /* Products */ = {
			isa = PBXGroup;
			children = (
				66F165451C7BAEC00046F83B /* CLCalc */,
				662823C91C7D3CB200929334 /* CLTests.xctest */,
			);
			name = Products;
			sourceTree = "<group>";
		};
		66F165471C7BAEC00046F83B /* CLCalc */ = {
			isa = PBXGroup;
			children = (
				66F165481C7BAEC00046F83B /* main.swift */,
			);
			path = CLCalc;
			sourceTree = "<group>";
		};
/* End PBXGroup section */

/* Begin PBXNativeTarget section */
		662823C81C7D3CB200929334 /* CLTests */ = {
			isa = PBXNativeTarget;
			buildConfigurationList = 662823CE1C7D3CB200929334 /* Build configuration list for PBXNativeTarget "CLTests" */;
			buildPhases = (
				662823C51C7D3CB200929334 /* Sources */,
				662823C61C7D3CB200929334 /* Frameworks */,
				662823C71C7D3CB200929334 /* Resources */,
			);
			buildRules = (
			);
			dependencies = (
			);
			name = CLTests;
			productName = CLTests;
			productReference = 662823C91C7D3CB200929334 /* CLTests.xctest */;
			productType = "com.apple.product-type.bundle.unit-test";
		};
		66F165441C7BAEC00046F83B /* CLCalc */ = {
			isa = PBXNativeTarget;
			buildConfigurationList = 66F1654C1C7BAEC00046F83B /* Build configuration list for PBXNativeTarget "CLCalc" */;
			buildPhases = (
				66F165411C7BAEC00046F83B /* Sources */,
				66F165421C7BAEC00046F83B /* Frameworks */,
				66F165431C7BAEC00046F83B /* CopyFiles */,
			);
			buildRules = (
			);
			dependencies = (
			);
			name = CLCalc;
			productName = CLCalc;
			productReference = 66F165451C7BAEC00046F83B /* CLCalc */;
			productType = "com.apple.product-type.tool";
		};
/* End PBXNativeTarget section */

/* Begin PBXProject section */
		66F1653D1C7BAEC00046F83B /* Project object */ = {
			isa = PBXProject;
			attributes = {
				LastSwiftUpdateCheck = 0730;
				LastUpgradeCheck = 0730;
				ORGANIZATIONNAME = "Ezekiel Elin";
				TargetAttributes = {
					662823C81C7D3CB200929334 = {
						CreatedOnToolsVersion = 7.3;
					};
					66F165441C7BAEC00046F83B = {
						CreatedOnToolsVersion = 7.3;
					};
				};
			};
			buildConfigurationList = 66F165401C7BAEC00046F83B /* Build configuration list for PBXProject "CLCalc" */;
			compatibilityVersion = "Xcode 3.2";
			developmentRegion = English;
			hasScannedForEncodings = 0;
			knownRegions = (
				en,
			);
			mainGroup = 66F1653C1C7BAEC00046F83B;
			productRefGroup = 66F165461C7BAEC00046F83B /* Products */;
			projectDirPath = "";
			projectRoot = "";
			targets = (
				66F165441C7BAEC00046F83B /* CLCalc */,
				662823C81C7D3CB200929334 /* CLTests */,
			);
		};
/* End PBXProject section */

/* Begin PBXResourcesBuildPhase section */
		662823C71C7D3CB200929334 /* Resources */ = {
			isa = PBXResourcesBuildPhase;
			buildActionMask = 2147483647;
			files = (
			);
			runOnlyForDeploymentPostprocessing = 0;
		};
/* End PBXResourcesBuildPhase section */

/* Begin PBXSourcesBuildPhase section */
		662823C51C7D3CB200929334 /* Sources */ = {
			isa = PBXSourcesBuildPhase;
			buildActionMask = 2147483647;
			files = (
				662823D11C7D3D0400929334 /* main.swift in Sources */,
				662823CC1C7D3CB200929334 /* CLTests.swift in Sources */,
			);
			runOnlyForDeploymentPostprocessing = 0;
		};
		66F165411C7BAEC00046F83B /* Sources */ = {
			isa = PBXSourcesBuildPhase;
			buildActionMask = 2147483647;
			files = (
				66F165491C7BAEC00046F83B /* main.swift in Sources */,
			);
			runOnlyForDeploymentPostprocessing = 0;
		};
/* End PBXSourcesBuildPhase section */

/* Begin XCBuildConfiguration section */
		662823CF1C7D3CB200929334 /* Debug */ = {
			isa = XCBuildConfiguration;
			buildSettings = {
				COMBINE_HIDPI_IMAGES = YES;
				INFOPLIST_FILE = CLTests/Info.plist;
				LD_RUNPATH_SEARCH_PATHS = "$(inherited) @executable_path/../Frameworks @loader_path/../Frameworks";
				PRODUCT_BUNDLE_IDENTIFIER = com.ezekielelin.CLTests;
				PRODUCT_NAME = "$(TARGET_NAME)";
			};
			name = Debug;
		};
		662823D01C7D3CB200929334 /* Release */ = {
			isa = XCBuildConfiguration;
			buildSettings = {
				COMBINE_HIDPI_IMAGES = YES;
				INFOPLIST_FILE = CLTests/Info.plist;
				LD_RUNPATH_SEARCH_PATHS = "$(inherited) @executable_path/../Frameworks @loader_path/../Frameworks";
				PRODUCT_BUNDLE_IDENTIFIER = com.ezekielelin.CLTests;
				PRODUCT_NAME = "$(TARGET_NAME)";
			};
			name = Release;
		};
		66F1654A1C7BAEC00046F83B /* Debug */ = {
			isa = XCBuildConfiguration;
			buildSettings = {
				ALWAYS_SEARCH_USER_PATHS = NO;
				CLANG_CXX_LANGUAGE_STANDARD = "gnu++0x";
				CLANG_CXX_LIBRARY = "libc++";
				CLANG_ENABLE_MODULES = YES;
				CLANG_ENABLE_OBJC_ARC = YES;
				CLANG_WARN_BOOL_CONVERSION = YES;
				CLANG_WARN_CONSTANT_CONVERSION = YES;
				CLANG_WARN_DIRECT_OBJC_ISA_USAGE = YES_ERROR;
				CLANG_WARN_EMPTY_BODY = YES;
				CLANG_WARN_ENUM_CONVERSION = YES;
				CLANG_WARN_INT_CONVERSION = YES;
				CLANG_WARN_OBJC_ROOT_CLASS = YES_ERROR;
				CLANG_WARN_UNREACHABLE_CODE = YES;
				CLANG_WARN__DUPLICATE_METHOD_MATCH = YES;
				CODE_SIGN_IDENTITY = "-";
				COPY_PHASE_STRIP = NO;
				DEBUG_INFORMATION_FORMAT = dwarf;
				ENABLE_STRICT_OBJC_MSGSEND = YES;
				ENABLE_TESTABILITY = YES;
				GCC_C_LANGUAGE_STANDARD = gnu99;
				GCC_DYNAMIC_NO_PIC = NO;
				GCC_NO_COMMON_BLOCKS = YES;
				GCC_OPTIMIZATION_LEVEL = 0;
				GCC_PREPROCESSOR_DEFINITIONS = (
					"DEBUG=1",
					"$(inherited)",
				);
				GCC_WARN_64_TO_32_BIT_CONVERSION = YES;
				GCC_WARN_ABOUT_RETURN_TYPE = YES_ERROR;
				GCC_WARN_UNDECLARED_SELECTOR = YES;
				GCC_WARN_UNINITIALIZED_AUTOS = YES_AGGRESSIVE;
				GCC_WARN_UNUSED_FUNCTION = YES;
				GCC_WARN_UNUSED_VARIABLE = YES;
				MACOSX_DEPLOYMENT_TARGET = 10.11;
				MTL_ENABLE_DEBUG_INFO = YES;
				ONLY_ACTIVE_ARCH = YES;
				SDKROOT = macosx;
				SWIFT_OPTIMIZATION_LEVEL = "-Onone";
			};
			name = Debug;
		};
		66F1654B1C7BAEC00046F83B /* Release */ = {
			isa = XCBuildConfiguration;
			buildSettings = {
				ALWAYS_SEARCH_USER_PATHS = NO;
				CLANG_CXX_LANGUAGE_STANDARD = "gnu++0x";
				CLANG_CXX_LIBRARY = "libc++";
				CLANG_ENABLE_MODULES = YES;
				CLANG_ENABLE_OBJC_ARC = YES;
				CLANG_WARN_BOOL_CONVERSION = YES;
				CLANG_WARN_CONSTANT_CONVERSION = YES;
				CLANG_WARN_DIRECT_OBJC_ISA_USAGE = YES_ERROR;
				CLANG_WARN_EMPTY_BODY = YES;
				CLANG_WARN_ENUM_CONVERSION = YES;
				CLANG_WARN_INT_CONVERSION = YES;
				CLANG_WARN_OBJC_ROOT_CLASS = YES_ERROR;
				CLANG_WARN_UNREACHABLE_CODE = YES;
				CLANG_WARN__DUPLICATE_METHOD_MATCH = YES;
				CODE_SIGN_IDENTITY = "-";
				COPY_PHASE_STRIP = NO;
				DEBUG_INFORMATION_FORMAT = "dwarf-with-dsym";
				ENABLE_NS_ASSERTIONS = NO;
				ENABLE_STRICT_OBJC_MSGSEND = YES;
				GCC_C_LANGUAGE_STANDARD = gnu99;
				GCC_NO_COMMON_BLOCKS = YES;
				GCC_WARN_64_TO_32_BIT_CONVERSION = YES;
				GCC_WARN_ABOUT_RETURN_TYPE = YES_ERROR;
				GCC_WARN_UNDECLARED_SELECTOR = YES;
				GCC_WARN_UNINITIALIZED_AUTOS = YES_AGGRESSIVE;
				GCC_WARN_UNUSED_FUNCTION = YES;
				GCC_WARN_UNUSED_VARIABLE = YES;
				MACOSX_DEPLOYMENT_TARGET = 10.11;
				MTL_ENABLE_DEBUG_INFO = NO;
				SDKROOT = macosx;
			};
			name = Release;
		};
		66F1654D1C7BAEC00046F83B /* Debug */ = {
			isa = XCBuildConfiguration;
			buildSettings = {
				PRODUCT_NAME = "$(TARGET_NAME)";
			};
			name = Debug;
		};
		66F1654E1C7BAEC00046F83B /* Release */ = {
			isa = XCBuildConfiguration;
			buildSettings = {
				PRODUCT_NAME = "$(TARGET_NAME)";
			};
			name = Release;
		};
/* End XCBuildConfiguration section */

/* Begin XCConfigurationList section */
		662823CE1C7D3CB200929334 /* Build configuration list for PBXNativeTarget "CLTests" */ = {
			isa = XCConfigurationList;
			buildConfigurations = (
				662823CF1C7D3CB200929334 /* Debug */,
				662823D01C7D3CB200929334 /* Release */,
			);
			defaultConfigurationIsVisible = 0;
		};
		66F165401C7BAEC00046F83B /* Build configuration list for PBXProject "CLCalc" */ = {
			isa = XCConfigurationList;
			buildConfigurations = (
				66F1654A1C7BAEC00046F83B /* Debug */,
				66F1654B1C7BAEC00046F83B /* Release */,
			);
			defaultConfigurationIsVisible = 0;
			defaultConfigurationName = Release;
		};
		66F1654C1C7BAEC00046F83B /* Build configuration list for PBXNativeTarget "CLCalc" */ = {
			isa = XCConfigurationList;
			buildConfigurations = (
				66F1654D1C7BAEC00046F83B /* Debug */,
				66F1654E1C7BAEC00046F83B /* Release */,
			);
			defaultConfigurationIsVisible = 0;
			defaultConfigurationName = Release;
		};
/* End XCConfigurationList section */
	};
	rootObject = 66F1653D1C7BAEC00046F83B /* Project object */;
}
